// !$*UTF8*$!
{
	archiveVersion = 1;
	classes = {
	};
	objectVersion = 46;
	objects = {

/* Begin PBXBuildFile section */
		A717B43E14C582DB004B122E /* UIKit.framework in Frameworks */ = {isa = PBXBuildFile; fileRef = A717B43D14C582DB004B122E /* UIKit.framework */; };
		A717B44014C582DB004B122E /* Foundation.framework in Frameworks */ = {isa = PBXBuildFile; fileRef = A717B43F14C582DB004B122E /* Foundation.framework */; };
		A717B44214C582DB004B122E /* CoreGraphics.framework in Frameworks */ = {isa = PBXBuildFile; fileRef = A717B44114C582DB004B122E /* CoreGraphics.framework */; };
		A717B44814C582DB004B122E /* InfoPlist.strings in Resources */ = {isa = PBXBuildFile; fileRef = A717B44614C582DB004B122E /* InfoPlist.strings */; };
		A717B44A14C582DB004B122E /* main.m in Sources */ = {isa = PBXBuildFile; fileRef = A717B44914C582DB004B122E /* main.m */; };
		A717B44E14C582DB004B122E /* CExAppDelegate.m in Sources */ = {isa = PBXBuildFile; fileRef = A717B44D14C582DB004B122E /* CExAppDelegate.m */; };
		A717B45114C582DB004B122E /* CExViewController.m in Sources */ = {isa = PBXBuildFile; fileRef = A717B45014C582DB004B122E /* CExViewController.m */; };
		A717B45414C582DB004B122E /* CExViewController_iPhone.xib in Resources */ = {isa = PBXBuildFile; fileRef = A717B45214C582DB004B122E /* CExViewController_iPhone.xib */; };
		A717B45714C582DB004B122E /* CExViewController_iPad.xib in Resources */ = {isa = PBXBuildFile; fileRef = A717B45514C582DB004B122E /* CExViewController_iPad.xib */; };
/* End PBXBuildFile section */

/* Begin PBXFileReference section */
		A717B43914C582DB004B122E /* CExQuartzCoreTests.app */ = {isa = PBXFileReference; explicitFileType = wrapper.application; includeInIndex = 0; path = CExQuartzCoreTests.app; sourceTree = BUILT_PRODUCTS_DIR; };
		A717B43D14C582DB004B122E /* UIKit.framework */ = {isa = PBXFileReference; lastKnownFileType = wrapper.framework; name = UIKit.framework; path = System/Library/Frameworks/UIKit.framework; sourceTree = SDKROOT; };
		A717B43F14C582DB004B122E /* Foundation.framework */ = {isa = PBXFileReference; lastKnownFileType = wrapper.framework; name = Foundation.framework; path = System/Library/Frameworks/Foundation.framework; sourceTree = SDKROOT; };
		A717B44114C582DB004B122E /* CoreGraphics.framework */ = {isa = PBXFileReference; lastKnownFileType = wrapper.framework; name = CoreGraphics.framework; path = System/Library/Frameworks/CoreGraphics.framework; sourceTree = SDKROOT; };
		A717B44514C582DB004B122E /* CExQuartzCoreTests-Info.plist */ = {isa = PBXFileReference; path = "CExQuartzCoreTests-Info.plist"; sourceTree = "<group>"; };
		A717B44714C582DB004B122E /* en */ = {isa = PBXFileReference; lastKnownFileType = text.plist.strings; name = en; path = en.lproj/InfoPlist.strings; sourceTree = "<group>"; };
		A717B44914C582DB004B122E /* main.m */ = {isa = PBXFileReference; lastKnownFileType = sourcecode.c.objc; path = main.m; sourceTree = "<group>"; };
		A717B44B14C582DB004B122E /* CExQuartzCoreTests-Prefix.pch */ = {isa = PBXFileReference; path = "CExQuartzCoreTests-Prefix.pch"; sourceTree = "<group>"; };
		A717B44C14C582DB004B122E /* CExAppDelegate.h */ = {isa = PBXFileReference; path = CExAppDelegate.h; sourceTree = "<group>"; };
		A717B44D14C582DB004B122E /* CExAppDelegate.m */ = {isa = PBXFileReference; lastKnownFileType = sourcecode.c.objc; path = CExAppDelegate.m; sourceTree = "<group>"; };
		A717B44F14C582DB004B122E /* CExViewController.h */ = {isa = PBXFileReference; path = CExViewController.h; sourceTree = "<group>"; };
		A717B45014C582DB004B122E /* CExViewController.m */ = {isa = PBXFileReference; lastKnownFileType = sourcecode.c.objc; path = CExViewController.m; sourceTree = "<group>"; };
		A717B45314C582DB004B122E /* en */ = {isa = PBXFileReference; lastKnownFileType = file.xib; name = en; path = en.lproj/CExViewController_iPhone.xib; sourceTree = "<group>"; };
		A717B45614C582DB004B122E /* en */ = {isa = PBXFileReference; lastKnownFileType = file.xib; name = en; path = en.lproj/CExViewController_iPad.xib; sourceTree = "<group>"; };
/* End PBXFileReference section */

/* Begin PBXFrameworksBuildPhase section */
		A717B43614C582DB004B122E /* Frameworks */ = {
			isa = PBXFrameworksBuildPhase;
			buildActionMask = 2147483647;
			files = (
				A717B43E14C582DB004B122E /* UIKit.framework in Frameworks */,
				A717B44014C582DB004B122E /* Foundation.framework in Frameworks */,
				A717B44214C582DB004B122E /* CoreGraphics.framework in Frameworks */,
			);
			runOnlyForDeploymentPostprocessing = 0;
		};
/* End PBXFrameworksBuildPhase section */

/* Begin PBXGroup section */
		A717B42E14C582DB004B122E = {
			isa = PBXGroup;
			children = (
				A717B44314C582DB004B122E /* CExQuartzCoreTests */,
				A717B43C14C582DB004B122E /* Frameworks */,
				A717B43A14C582DB004B122E /* Products */,
			);
			sourceTree = "<group>";
		};
		A717B43A14C582DB004B122E /* Products */ = {
			isa = PBXGroup;
			children = (
				A717B43914C582DB004B122E /* CExQuartzCoreTests.app */,
			);
			name = Products;
			sourceTree = "<group>";
		};
		A717B43C14C582DB004B122E /* Frameworks */ = {
			isa = PBXGroup;
			children = (
				A717B43D14C582DB004B122E /* UIKit.framework */,
				A717B43F14C582DB004B122E /* Foundation.framework */,
				A717B44114C582DB004B122E /* CoreGraphics.framework */,
			);
			name = Frameworks;
			sourceTree = "<group>";
		};
		A717B44314C582DB004B122E /* CExQuartzCoreTests */ = {
			isa = PBXGroup;
			children = (
				A717B44C14C582DB004B122E /* CExAppDelegate.h */,
				A717B44D14C582DB004B122E /* CExAppDelegate.m */,
				A717B44F14C582DB004B122E /* CExViewController.h */,
				A717B45014C582DB004B122E /* CExViewController.m */,
				A717B45214C582DB004B122E /* CExViewController_iPhone.xib */,
				A717B45514C582DB004B122E /* CExViewController_iPad.xib */,
				A717B44414C582DB004B122E /* Supporting Files */,
			);
			path = CExQuartzCoreTests;
			sourceTree = "<group>";
		};
		A717B44414C582DB004B122E /* Supporting Files */ = {
			isa = PBXGroup;
			children = (
				A717B44514C582DB004B122E /* CExQuartzCoreTests-Info.plist */,
				A717B44614C582DB004B122E /* InfoPlist.strings */,
				A717B44914C582DB004B122E /* main.m */,
				A717B44B14C582DB004B122E /* CExQuartzCoreTests-Prefix.pch */,
			);
			name = "Supporting Files";
			sourceTree = "<group>";
		};
/* End PBXGroup section */

/* Begin PBXNativeTarget section */
		A717B43814C582DB004B122E /* CExQuartzCoreTests */ = {
			isa = PBXNativeTarget;
			buildConfigurationList = A717B45A14C582DB004B122E /* Build configuration list for PBXNativeTarget "CExQuartzCoreTests" */;
			buildPhases = (
				A717B43514C582DB004B122E /* Sources */,
				A717B43614C582DB004B122E /* Frameworks */,
				A717B43714C582DB004B122E /* Resources */,
			);
			buildRules = (
			);
			dependencies = (
			);
			name = CExQuartzCoreTests;
			productName = CExQuartzCoreTests;
			productReference = A717B43914C582DB004B122E /* CExQuartzCoreTests.app */;
			productType = "com.apple.product-type.application";
		};
/* End PBXNativeTarget section */

/* Begin PBXProject section */
		A717B43014C582DB004B122E /* Project object */ = {
			isa = PBXProject;
			attributes = {
				LastUpgradeCheck = 0420;
			};
			buildConfigurationList = A717B43314C582DB004B122E /* Build configuration list for PBXProject "CExQuartzCoreTests" */;
			compatibilityVersion = "Xcode 3.2";
			developmentRegion = English;
			hasScannedForEncodings = 0;
			knownRegions = (
				en,
			);
			mainGroup = A717B42E14C582DB004B122E;
			productRefGroup = A717B43A14C582DB004B122E /* Products */;
			projectDirPath = "";
			projectRoot = "";
			targets = (
				A717B43814C582DB004B122E /* CExQuartzCoreTests */,
			);
		};
/* End PBXProject section */

/* Begin PBXResourcesBuildPhase section */
		A717B43714C582DB004B122E /* Resources */ = {
			isa = PBXResourcesBuildPhase;
			buildActionMask = 2147483647;
			files = (
				A717B44814C582DB004B122E /* InfoPlist.strings in Resources */,
				A717B45414C582DB004B122E /* CExViewController_iPhone.xib in Resources */,
				A717B45714C582DB004B122E /* CExViewController_iPad.xib in Resources */,
			);
			runOnlyForDeploymentPostprocessing = 0;
		};
/* End PBXResourcesBuildPhase section */

/* Begin PBXSourcesBuildPhase section */
		A717B43514C582DB004B122E /* Sources */ = {
			isa = PBXSourcesBuildPhase;
			buildActionMask = 2147483647;
			files = (
				A717B44A14C582DB004B122E /* main.m in Sources */,
				A717B44E14C582DB004B122E /* CExAppDelegate.m in Sources */,
				A717B45114C582DB004B122E /* CExViewController.m in Sources */,
			);
			runOnlyForDeploymentPostprocessing = 0;
		};
/* End PBXSourcesBuildPhase section */

/* Begin PBXVariantGroup section */
		A717B44614C582DB004B122E /* InfoPlist.strings */ = {
			isa = PBXVariantGroup;
			children = (
				A717B44714C582DB004B122E /* en */,
			);
			name = InfoPlist.strings;
			sourceTree = "<group>";
		};
		A717B45214C582DB004B122E /* CExViewController_iPhone.xib */ = {
			isa = PBXVariantGroup;
			children = (
				A717B45314C582DB004B122E /* en */,
			);
			name = CExViewController_iPhone.xib;
			sourceTree = "<group>";
		};
		A717B45514C582DB004B122E /* CExViewController_iPad.xib */ = {
			isa = PBXVariantGroup;
			children = (
				A717B45614C582DB004B122E /* en */,
			);
			name = CExViewController_iPad.xib;
			sourceTree = "<group>";
		};
/* End PBXVariantGroup section */

/* Begin XCBuildConfiguration section */
		A717B45814C582DB004B122E /* Debug */ = {
			isa = XCBuildConfiguration;
			buildSettings = {
				ALWAYS_SEARCH_USER_PATHS = NO;
				ARCHS = "$(ARCHS_STANDARD_32_BIT)";
				"CODE_SIGN_IDENTITY[sdk=iphoneos*]" = "iPhone Developer";
				COPY_PHASE_STRIP = NO;
				GCC_C_LANGUAGE_STANDARD = gnu99;
				GCC_DYNAMIC_NO_PIC = NO;
				GCC_OPTIMIZATION_LEVEL = 0;
				GCC_PREPROCESSOR_DEFINITIONS = (
					"DEBUG=1",
					"$(inherited)",
				);
				GCC_SYMBOLS_PRIVATE_EXTERN = NO;
				GCC_VERSION = com.apple.compilers.llvm.clang.1_0;
				GCC_WARN_ABOUT_MISSING_PROTOTYPES = YES;
				GCC_WARN_ABOUT_RETURN_TYPE = YES;
				GCC_WARN_UNUSED_VARIABLE = YES;
				IPHONEOS_DEPLOYMENT_TARGET = 5.0;
				SDKROOT = iphoneos;
				TARGETED_DEVICE_FAMILY = "1,2";
			};
			name = Debug;
		};
		A717B45914C582DB004B122E /* Release */ = {
			isa = XCBuildConfiguration;
			buildSettings = {
				ALWAYS_SEARCH_USER_PATHS = NO;
				ARCHS = "$(ARCHS_STANDARD_32_BIT)";
				"CODE_SIGN_IDENTITY[sdk=iphoneos*]" = "iPhone Developer";
				COPY_PHASE_STRIP = YES;
				GCC_C_LANGUAGE_STANDARD = gnu99;
				GCC_VERSION = com.apple.compilers.llvm.clang.1_0;
				GCC_WARN_ABOUT_MISSING_PROTOTYPES = YES;
				GCC_WARN_ABOUT_RETURN_TYPE = YES;
				GCC_WARN_UNUSED_VARIABLE = YES;
				IPHONEOS_DEPLOYMENT_TARGET = 5.0;
				OTHER_CFLAGS = "-DNS_BLOCK_ASSERTIONS=1";
				SDKROOT = iphoneos;
				TARGETED_DEVICE_FAMILY = "1,2";
				VALIDATE_PRODUCT = YES;
			};
			name = Release;
		};
		A717B45B14C582DB004B122E /* Debug */ = {
			isa = XCBuildConfiguration;
			buildSettings = {
				GCC_PRECOMPILE_PREFIX_HEADER = YES;
				GCC_PREFIX_HEADER = "CExQuartzCoreTests/CExQuartzCoreTests-Prefix.pch";
				INFOPLIST_FILE = "CExQuartzCoreTests/CExQuartzCoreTests-Info.plist";
				PRODUCT_NAME = "$(TARGET_NAME)";
				WRAPPER_EXTENSION = app;
			};
			name = Debug;
		};
		A717B45C14C582DB004B122E /* Release */ = {
			isa = XCBuildConfiguration;
			buildSettings = {
				GCC_PRECOMPILE_PREFIX_HEADER = YES;
				GCC_PREFIX_HEADER = "CExQuartzCoreTests/CExQuartzCoreTests-Prefix.pch";
				INFOPLIST_FILE = "CExQuartzCoreTests/CExQuartzCoreTests-Info.plist";
				PRODUCT_NAME = "$(TARGET_NAME)";
				WRAPPER_EXTENSION = app;
			};
			name = Release;
		};
/* End XCBuildConfiguration section */

/* Begin XCConfigurationList section */
		A717B43314C582DB004B122E /* Build configuration list for PBXProject "CExQuartzCoreTests" */ = {
			isa = XCConfigurationList;
			buildConfigurations = (
				A717B45814C582DB004B122E /* Debug */,
				A717B45914C582DB004B122E /* Release */,
			);
			defaultConfigurationIsVisible = 0;
			defaultConfigurationName = Release;
		};
		A717B45A14C582DB004B122E /* Build configuration list for PBXNativeTarget "CExQuartzCoreTests" */ = {
			isa = XCConfigurationList;
			buildConfigurations = (
				A717B45B14C582DB004B122E /* Debug */,
				A717B45C14C582DB004B122E /* Release */,
			);
			defaultConfigurationIsVisible = 0;
		};
/* End XCConfigurationList section */
	};
	rootObject = A717B43014C582DB004B122E /* Project object */;
}
